
Microsoft Visual Studio Solution File, Format Version 12.00
# Visual Studio Version 17
VisualStudioVersion = 17.4.33403.182
MinimumVisualStudioVersion = 10.0.40219.1
Project("{FAE04EC0-301F-11D3-BF4B-00C04F79EFBC}") = "Kolekcje", "Kolekcje\Kolekcje.csproj", "{309A954B-F4E2-4F53-9DD5-81F520A82464}"
EndProject
Global
	GlobalSection(SolutionConfigurationPlatforms) = preSolution
		Debug|Any CPU = Debug|Any CPU
		Release|Any CPU = Release|Any CPU
	EndGlobalSection
	GlobalSection(ProjectConfigurationPlatforms) = postSolution
		{309A954B-F4E2-4F53-9DD5-81F520A82464}.Debug|Any CPU.ActiveCfg = Debug|Any CPU
		{309A954B-F4E2-4F53-9DD5-81F520A82464}.Debug|Any CPU.Build.0 = Debug|Any CPU
		{309A954B-F4E2-4F53-9DD5-81F520A82464}.Release|Any CPU.ActiveCfg = Release|Any CPU
		{309A954B-F4E2-4F53-9DD5-81F520A82464}.Release|Any CPU.Build.0 = Release|Any CPU
	EndGlobalSection
	GlobalSection(SolutionProperties) = preSolution
		HideSolutionNode = FALSE
	EndGlobalSection
	GlobalSection(ExtensibilityGlobals) = postSolution
		SolutionGuid = {489FA3CA-98A7-4B3C-BA55-2654432930BD}
	EndGlobalSection
EndGlobal
