
Microsoft Visual Studio Solution File, Format Version 12.00
# Visual Studio Version 17
VisualStudioVersion = 17.4.33403.182
MinimumVisualStudioVersion = 10.0.40219.1
Project("{FAE04EC0-301F-11D3-BF4B-00C04F79EFBC}") = "Rozgrzewka", "Rozgrzewka\Rozgrzewka.csproj", "{500ABFC0-BB48-4A3E-A6FB-370F52EA4DE7}"
EndProject
Global
	GlobalSection(SolutionConfigurationPlatforms) = preSolution
		Debug|Any CPU = Debug|Any CPU
		Release|Any CPU = Release|Any CPU
	EndGlobalSection
	GlobalSection(ProjectConfigurationPlatforms) = postSolution
		{500ABFC0-BB48-4A3E-A6FB-370F52EA4DE7}.Debug|Any CPU.ActiveCfg = Debug|Any CPU
		{500ABFC0-BB48-4A3E-A6FB-370F52EA4DE7}.Debug|Any CPU.Build.0 = Debug|Any CPU
		{500ABFC0-BB48-4A3E-A6FB-370F52EA4DE7}.Release|Any CPU.ActiveCfg = Release|Any CPU
		{500ABFC0-BB48-4A3E-A6FB-370F52EA4DE7}.Release|Any CPU.Build.0 = Release|Any CPU
	EndGlobalSection
	GlobalSection(SolutionProperties) = preSolution
		HideSolutionNode = FALSE
	EndGlobalSection
	GlobalSection(ExtensibilityGlobals) = postSolution
		SolutionGuid = {32424876-884C-46D0-B33E-9D30CB072B8B}
	EndGlobalSection
EndGlobal
